<Solution>
  <Project Path="blog.Api/blog.Api.csproj" />
  <Project Path="blog.Application/blog.Application.csproj" />
  <Project Path="blog.Domain/blog.Domain.csproj" />
  <Project Path="blog.Infrastructure/blog.Infrastructure.csproj" />
  <Project Path="blog.Tests/blog.Tests.csproj" Id="a26dead0-dd16-43b7-a71f-7d3e0d66d046" />
</Solution>
